
Microsoft Visual Studio Solution File, Format Version 12.00
# Visual Studio Version 16
VisualStudioVersion = 16.0.31321.278
MinimumVisualStudioVersion = 10.0.40219.1
Project("{FAE04EC0-301F-11D3-BF4B-00C04F79EFBC}") = "EventiApp", "EventiApp\EventiApp.csproj", "{AF6E988A-E419-40C9-A147-700527B02093}"
EndProject
Global
	GlobalSection(SolutionConfigurationPlatforms) = preSolution
		Debug|Any CPU = Debug|Any CPU
		Release|Any CPU = Release|Any CPU
	EndGlobalSection
	GlobalSection(ProjectConfigurationPlatforms) = postSolution
		{AF6E988A-E419-40C9-A147-700527B02093}.Debug|Any CPU.ActiveCfg = Debug|Any CPU
		{AF6E988A-E419-40C9-A147-700527B02093}.Debug|Any CPU.Build.0 = Debug|Any CPU
		{AF6E988A-E419-40C9-A147-700527B02093}.Release|Any CPU.ActiveCfg = Release|Any CPU
		{AF6E988A-E419-40C9-A147-700527B02093}.Release|Any CPU.Build.0 = Release|Any CPU
	EndGlobalSection
	GlobalSection(SolutionProperties) = preSolution
		HideSolutionNode = FALSE
	EndGlobalSection
	GlobalSection(ExtensibilityGlobals) = postSolution
		SolutionGuid = {4A1D0D9A-4D44-4280-9178-723AB734DC0B}
	EndGlobalSection
EndGlobal
